PODS:
  - Alamofire (4.7.3)
  - Cosmos (16.0.0)
  - IQKeyboardManagerSwift (6.1.1)
  - SCLAlertView (0.8)
  - SDWebImage (4.4.2):
    - SDWebImage/Core (= 4.4.2)
  - SDWebImage/Core (4.4.2)
  - SwifterSwift (4.4.0):
    - SwifterSwift/AppKit (= 4.4.0)
    - SwifterSwift/CoreGraphics (= 4.4.0)
    - SwifterSwift/CoreLocation (= 4.4.0)
    - SwifterSwift/Foundation (= 4.4.0)
    - SwifterSwift/MapKit (= 4.4.0)
    - SwifterSwift/SpriteKit (= 4.4.0)
    - SwifterSwift/SwiftStdlib (= 4.4.0)
    - SwifterSwift/UIKit (= 4.4.0)
  - SwifterSwift/AppKit (4.4.0)
  - SwifterSwift/CoreGraphics (4.4.0)
  - SwifterSwift/CoreLocation (4.4.0)
  - SwifterSwift/Foundation (4.4.0)
  - SwifterSwift/MapKit (4.4.0)
  - SwifterSwift/SpriteKit (4.4.0)
  - SwifterSwift/SwiftStdlib (4.4.0)
  - SwifterSwift/UIKit (4.4.0)

DEPENDENCIES:
  - Alamofire
  - Cosmos
  - IQKeyboardManagerSwift
  - SCLAlertView
  - SDWebImage
  - SwifterSwift

SPEC REPOS:
  https://github.com/cocoapods/specs.git:
    - Alamofire
    - Cosmos
    - IQKeyboardManagerSwift
    - SCLAlertView
    - SDWebImage
    - SwifterSwift

SPEC CHECKSUMS:
  Alamofire: c7287b6e5d7da964a70935e5db17046b7fde6568
  Cosmos: 7bcee0fa858a9355a214f2a181be5dffcee42c81
  IQKeyboardManagerSwift: 977affaeb4d6e971975c7790a6850f31d38f1207
  SCLAlertView: 6a77bb2edfc65e04dbe57725546cb4107a506b85
  SDWebImage: 624d6e296c69b244bcede364c72ae0430ac14681
  SwifterSwift: 1ce0e31801ddd3a2bd3256626275425adb01067a

PODFILE CHECKSUM: 268f4b1d2fc93b49c8edd7f5caae89a560768cf3

COCOAPODS: 1.5.2
