// !$*UTF8*$!
{
	archiveVersion = 1;
	classes = {
	};
	objectVersion = 50;
	objects = {

/* Begin PBXBuildFile section */
		3100DACF2111D23E00CFF78B /* AppDelegate.swift in Sources */ = {isa = PBXBuildFile; fileRef = 3100DACE2111D23E00CFF78B /* AppDelegate.swift */; };
		3100DAD62111D24000CFF78B /* Assets.xcassets in Resources */ = {isa = PBXBuildFile; fileRef = 3100DAD52111D24000CFF78B /* Assets.xcassets */; };
		3100DAD92111D24000CFF78B /* LaunchScreen.storyboard in Resources */ = {isa = PBXBuildFile; fileRef = 3100DAD72111D24000CFF78B /* LaunchScreen.storyboard */; };
		3100DAE42111D24000CFF78B /* PilgrimsHouseTests.swift in Sources */ = {isa = PBXBuildFile; fileRef = 3100DAE32111D24000CFF78B /* PilgrimsHouseTests.swift */; };
		3100DAEF2111D24000CFF78B /* PilgrimsHouseUITests.swift in Sources */ = {isa = PBXBuildFile; fileRef = 3100DAEE2111D24000CFF78B /* PilgrimsHouseUITests.swift */; };
		3100DB022111DEFD00CFF78B /* SplashViewController.swift in Sources */ = {isa = PBXBuildFile; fileRef = 3100DB012111DEFD00CFF78B /* SplashViewController.swift */; };
		3100DB0B2111E31000CFF78B /* UITableView+Extension.swift in Sources */ = {isa = PBXBuildFile; fileRef = 3100DB052111E31000CFF78B /* UITableView+Extension.swift */; };
		3100DB0C2111E31000CFF78B /* Constants.swift in Sources */ = {isa = PBXBuildFile; fileRef = 3100DB072111E31000CFF78B /* Constants.swift */; };
		3100DB0D2111E31000CFF78B /* UIViewController+Extension.swift in Sources */ = {isa = PBXBuildFile; fileRef = 3100DB082111E31000CFF78B /* UIViewController+Extension.swift */; };
		3100DB0E2111E31000CFF78B /* String+Extension.swift in Sources */ = {isa = PBXBuildFile; fileRef = 3100DB092111E31000CFF78B /* String+Extension.swift */; };
		3100DB0F2111E31000CFF78B /* Utils.swift in Sources */ = {isa = PBXBuildFile; fileRef = 3100DB0A2111E31000CFF78B /* Utils.swift */; };
		31098E4021133FC7007AD425 /* BestsTableViewHeader.swift in Sources */ = {isa = PBXBuildFile; fileRef = 31098E3E21133FC7007AD425 /* BestsTableViewHeader.swift */; };
		31098E4121133FC7007AD425 /* BestsTableViewHeader.xib in Resources */ = {isa = PBXBuildFile; fileRef = 31098E3F21133FC7007AD425 /* BestsTableViewHeader.xib */; };
		31098E4421134028007AD425 /* MiniCategoriesTableViewCell.swift in Sources */ = {isa = PBXBuildFile; fileRef = 31098E4221134028007AD425 /* MiniCategoriesTableViewCell.swift */; };
		31098E4521134028007AD425 /* MiniCategoriesTableViewCell.xib in Resources */ = {isa = PBXBuildFile; fileRef = 31098E4321134028007AD425 /* MiniCategoriesTableViewCell.xib */; };
		31098E482113429C007AD425 /* DailyDealsTableViewCell.swift in Sources */ = {isa = PBXBuildFile; fileRef = 31098E462113429B007AD425 /* DailyDealsTableViewCell.swift */; };
		31098E492113429C007AD425 /* DailyDealsTableViewCell.xib in Resources */ = {isa = PBXBuildFile; fileRef = 31098E472113429C007AD425 /* DailyDealsTableViewCell.xib */; };
		31098E4C21134D50007AD425 /* MiniCategoryCollectionViewCell.xib in Resources */ = {isa = PBXBuildFile; fileRef = 31098E4A21134D50007AD425 /* MiniCategoryCollectionViewCell.xib */; };
		31098E4D21134D50007AD425 /* MiniCategoryCollectionViewCell.swift in Sources */ = {isa = PBXBuildFile; fileRef = 31098E4B21134D50007AD425 /* MiniCategoryCollectionViewCell.swift */; };
		31098E5621136C3D007AD425 /* ProductCollectionViewCell.swift in Sources */ = {isa = PBXBuildFile; fileRef = 31098E5121136C3D007AD425 /* ProductCollectionViewCell.swift */; };
		31098E5921136C58007AD425 /* ProductCollectionViewCell.xib in Resources */ = {isa = PBXBuildFile; fileRef = 31098E5821136C57007AD425 /* ProductCollectionViewCell.xib */; };
		31098E5A21137AE0007AD425 /* HomeTableCellView.xib in Resources */ = {isa = PBXBuildFile; fileRef = 31EB38D021128ADE00F449B7 /* HomeTableCellView.xib */; };
		316F694F21138D7100661F7C /* Owner.swift in Sources */ = {isa = PBXBuildFile; fileRef = 316F694E21138D7100661F7C /* Owner.swift */; };
		316F695121138DAC00661F7C /* Map.storyboard in Resources */ = {isa = PBXBuildFile; fileRef = 316F695021138DAC00661F7C /* Map.storyboard */; };
		316F695421138DC800661F7C /* HotelMapDetailsView.swift in Sources */ = {isa = PBXBuildFile; fileRef = 316F695321138DC800661F7C /* HotelMapDetailsView.swift */; };
		316F695821138DDF00661F7C /* MapInfoHotelView.xib in Resources */ = {isa = PBXBuildFile; fileRef = 316F695621138DDF00661F7C /* MapInfoHotelView.xib */; };
		316F695921138DDF00661F7C /* MapInfoHotelView.swift in Sources */ = {isa = PBXBuildFile; fileRef = 316F695721138DDF00661F7C /* MapInfoHotelView.swift */; };
		316F695B21138DEE00661F7C /* MapViewController.swift in Sources */ = {isa = PBXBuildFile; fileRef = 316F695A21138DEE00661F7C /* MapViewController.swift */; };
		316F695D21139AF700661F7C /* splash.mp4 in Resources */ = {isa = PBXBuildFile; fileRef = 316F695C21139AC500661F7C /* splash.mp4 */; };
		316F696021139D5600661F7C /* DetailsViewController.swift in Sources */ = {isa = PBXBuildFile; fileRef = 316F695F21139D5600661F7C /* DetailsViewController.swift */; };
		316F696321139D5E00661F7C /* DetailsTableViewCell.swift in Sources */ = {isa = PBXBuildFile; fileRef = 316F696221139D5E00661F7C /* DetailsTableViewCell.swift */; };
		316F69652113A07B00661F7C /* Details.storyboard in Resources */ = {isa = PBXBuildFile; fileRef = 316F69642113A07B00661F7C /* Details.storyboard */; };
		316F6969211401EE00661F7C /* SearchViewController.swift in Sources */ = {isa = PBXBuildFile; fileRef = 316F6968211401ED00661F7C /* SearchViewController.swift */; };
		316F696B2114023A00661F7C /* WebViewController.swift in Sources */ = {isa = PBXBuildFile; fileRef = 316F696A2114023A00661F7C /* WebViewController.swift */; };
		31717B9C21126E8400E06698 /* CustomTabBar.swift in Sources */ = {isa = PBXBuildFile; fileRef = 31717B9B21126E8400E06698 /* CustomTabBar.swift */; };
		31717BA821126EFE00E06698 /* Localizable.strings in Resources */ = {isa = PBXBuildFile; fileRef = 31717B9F21126EFE00E06698 /* Localizable.strings */; };
		31717BA921126EFE00E06698 /* ESTabBarItemMoreContentView.swift in Sources */ = {isa = PBXBuildFile; fileRef = 31717BA121126EFE00E06698 /* ESTabBarItemMoreContentView.swift */; };
		31717BAA21126EFE00E06698 /* ESTabBarController.swift in Sources */ = {isa = PBXBuildFile; fileRef = 31717BA221126EFE00E06698 /* ESTabBarController.swift */; };
		31717BAB21126EFE00E06698 /* ESTabBarItemContentView.swift in Sources */ = {isa = PBXBuildFile; fileRef = 31717BA321126EFE00E06698 /* ESTabBarItemContentView.swift */; };
		31717BAC21126EFE00E06698 /* ESTabBarItem.swift in Sources */ = {isa = PBXBuildFile; fileRef = 31717BA421126EFE00E06698 /* ESTabBarItem.swift */; };
		31717BAD21126EFE00E06698 /* ESTabBarItemBadgeView.swift in Sources */ = {isa = PBXBuildFile; fileRef = 31717BA521126EFE00E06698 /* ESTabBarItemBadgeView.swift */; };
		31717BAE21126EFE00E06698 /* ESTabBar.swift in Sources */ = {isa = PBXBuildFile; fileRef = 31717BA621126EFE00E06698 /* ESTabBar.swift */; };
		31717BAF21126EFE00E06698 /* ESTabBarItemContainer.swift in Sources */ = {isa = PBXBuildFile; fileRef = 31717BA721126EFE00E06698 /* ESTabBarItemContainer.swift */; };
		31717BB121126F7800E06698 /* HomeViewController.swift in Sources */ = {isa = PBXBuildFile; fileRef = 31717BB021126F7800E06698 /* HomeViewController.swift */; };
		31717BB3211271F600E06698 /* CustomNavigationBar.swift in Sources */ = {isa = PBXBuildFile; fileRef = 31717BB2211271F600E06698 /* CustomNavigationBar.swift */; };
		31717BB62112729F00E06698 /* ExampleIrregularityContentView.swift in Sources */ = {isa = PBXBuildFile; fileRef = 31717BB52112729F00E06698 /* ExampleIrregularityContentView.swift */; };
		31717BB8211272AB00E06698 /* ExampleBouncesContentView.swift in Sources */ = {isa = PBXBuildFile; fileRef = 31717BB7211272AB00E06698 /* ExampleBouncesContentView.swift */; };
		31717BBA211272C000E06698 /* ExampleBasicContentView.swift in Sources */ = {isa = PBXBuildFile; fileRef = 31717BB9211272C000E06698 /* ExampleBasicContentView.swift */; };
		31EB38D621128ADE00F449B7 /* HomeTableCellView.swift in Sources */ = {isa = PBXBuildFile; fileRef = 31EB38CF21128ADE00F449B7 /* HomeTableCellView.swift */; };
		31EB38DA21128ADE00F449B7 /* Main.storyboard in Resources */ = {isa = PBXBuildFile; fileRef = 31EB38D421128ADE00F449B7 /* Main.storyboard */; };
		31EB38E021128D9B00F449B7 /* DINNextLTArabic-Bold-4203828056a0da5fc095934e728090e3.ttf in Resources */ = {isa = PBXBuildFile; fileRef = 31EB38DF21128D6D00F449B7 /* DINNextLTArabic-Bold-4203828056a0da5fc095934e728090e3.ttf */; };
		31EB38E121128D9B00F449B7 /* dinnextltarabic-light-ac8b82da0312e7e79515839c80829c5e.ttf in Resources */ = {isa = PBXBuildFile; fileRef = 31EB38DC21128D6C00F449B7 /* dinnextltarabic-light-ac8b82da0312e7e79515839c80829c5e.ttf */; };
		31EB38E221128D9B00F449B7 /* DINNextLTArabic-Medium-ffcf5edfb280ef3a74b710d297c58820.ttf in Resources */ = {isa = PBXBuildFile; fileRef = 31EB38DB21128D6C00F449B7 /* DINNextLTArabic-Medium-ffcf5edfb280ef3a74b710d297c58820.ttf */; };
		31EB38E321128D9B00F449B7 /* DINNextLTArabic-Regular-43d5d09abfc8ed71bb15ca073976b0ed.ttf in Resources */ = {isa = PBXBuildFile; fileRef = 31EB38DD21128D6C00F449B7 /* DINNextLTArabic-Regular-43d5d09abfc8ed71bb15ca073976b0ed.ttf */; };
		31EB38E421128D9B00F449B7 /* DINNextLTArabic-UltraLight-74ef865937485b3510d3ce7f32e0f2a7.ttf in Resources */ = {isa = PBXBuildFile; fileRef = 31EB38DE21128D6C00F449B7 /* DINNextLTArabic-UltraLight-74ef865937485b3510d3ce7f32e0f2a7.ttf */; };
		31EB38E621128E2400F449B7 /* TulipFonts.swift in Sources */ = {isa = PBXBuildFile; fileRef = 31EB38E521128E2400F449B7 /* TulipFonts.swift */; };
		31EB38EA21128FDA00F449B7 /* ColorExtension.swift in Sources */ = {isa = PBXBuildFile; fileRef = 31EB38E921128FDA00F449B7 /* ColorExtension.swift */; };
		31EB38F02112A15500F449B7 /* MeViewController.swift in Sources */ = {isa = PBXBuildFile; fileRef = 31EB38EF2112A15500F449B7 /* MeViewController.swift */; };
		4439537D43C00FA2CB8218F7 /* Pods_PilgrimsHouse.framework in Frameworks */ = {isa = PBXBuildFile; fileRef = B824CC2F856ACEB968D5DACB /* Pods_PilgrimsHouse.framework */; };
		9A088EB22113F194003C4225 /* ConversationTableViewController.swift in Sources */ = {isa = PBXBuildFile; fileRef = 9A088EB12113F194003C4225 /* ConversationTableViewController.swift */; };
		9A088EB42113F252003C4225 /* ViewController.swift in Sources */ = {isa = PBXBuildFile; fileRef = 9A088EB32113F252003C4225 /* ViewController.swift */; };
		9A088EB82113F280003C4225 /* MessageViewCell.swift in Sources */ = {isa = PBXBuildFile; fileRef = 9A088EB62113F280003C4225 /* MessageViewCell.swift */; };
		9A088EB92113F280003C4225 /* MessageViewCell.xib in Resources */ = {isa = PBXBuildFile; fileRef = 9A088EB72113F280003C4225 /* MessageViewCell.xib */; };
		9A397DAF2113FAA6006B6A94 /* DetailsTableViewController.swift in Sources */ = {isa = PBXBuildFile; fileRef = 9A397DAE2113FAA6006B6A94 /* DetailsTableViewController.swift */; };
		9AEC4E9A21128E1200C66D29 /* HouseDataResponse.swift in Sources */ = {isa = PBXBuildFile; fileRef = 9AEC4E9821128E1200C66D29 /* HouseDataResponse.swift */; };
		9AEC4E9B21128E1200C66D29 /* Data.swift in Sources */ = {isa = PBXBuildFile; fileRef = 9AEC4E9921128E1200C66D29 /* Data.swift */; };
		9AEC4E9F21128ECC00C66D29 /* ServiceProvider.swift in Sources */ = {isa = PBXBuildFile; fileRef = 9AEC4E9E21128ECC00C66D29 /* ServiceProvider.swift */; };
		9AEC4EA121128F2B00C66D29 /* Reachability.swift in Sources */ = {isa = PBXBuildFile; fileRef = 9AEC4EA021128F2A00C66D29 /* Reachability.swift */; };
		9AEC4EA421128FCA00C66D29 /* Helper.swift in Sources */ = {isa = PBXBuildFile; fileRef = 9AEC4EA321128FCA00C66D29 /* Helper.swift */; };
		9AEC4EA6211291C100C66D29 /* Constant.swift in Sources */ = {isa = PBXBuildFile; fileRef = 9AEC4EA5211291C100C66D29 /* Constant.swift */; };
		9AEC4EA82112925800C66D29 /* HomeServiceManager.swift in Sources */ = {isa = PBXBuildFile; fileRef = 9AEC4EA72112925800C66D29 /* HomeServiceManager.swift */; };
		B9B016029247F795E31821BD /* Pods_PilgrimsHouseTests.framework in Frameworks */ = {isa = PBXBuildFile; fileRef = 231216318EE61E9DB6FE899F /* Pods_PilgrimsHouseTests.framework */; };
		F3C4D5CB08A5054FD4174562 /* Pods_PilgrimsHouseUITests.framework in Frameworks */ = {isa = PBXBuildFile; fileRef = C332BD92234CD2B4DF4AA5E6 /* Pods_PilgrimsHouseUITests.framework */; };
/* End PBXBuildFile section */

/* Begin PBXContainerItemProxy section */
		3100DAE02111D24000CFF78B /* PBXContainerItemProxy */ = {
			isa = PBXContainerItemProxy;
			containerPortal = 3100DAC32111D23E00CFF78B /* Project object */;
			proxyType = 1;
			remoteGlobalIDString = 3100DACA2111D23E00CFF78B;
			remoteInfo = PilgrimsHouse;
		};
		3100DAEB2111D24000CFF78B /* PBXContainerItemProxy */ = {
			isa = PBXContainerItemProxy;
			containerPortal = 3100DAC32111D23E00CFF78B /* Project object */;
			proxyType = 1;
			remoteGlobalIDString = 3100DACA2111D23E00CFF78B;
			remoteInfo = PilgrimsHouse;
		};
/* End PBXContainerItemProxy section */

/* Begin PBXFileReference section */
		231216318EE61E9DB6FE899F /* Pods_PilgrimsHouseTests.framework */ = {isa = PBXFileReference; explicitFileType = wrapper.framework; includeInIndex = 0; path = Pods_PilgrimsHouseTests.framework; sourceTree = BUILT_PRODUCTS_DIR; };
		2AB31AC3DAA60580810E10C5 /* Pods-PilgrimsHouse.debug.xcconfig */ = {isa = PBXFileReference; includeInIndex = 1; lastKnownFileType = text.xcconfig; name = "Pods-PilgrimsHouse.debug.xcconfig"; path = "Pods/Target Support Files/Pods-PilgrimsHouse/Pods-PilgrimsHouse.debug.xcconfig"; sourceTree = "<group>"; };
		3100DACB2111D23E00CFF78B /* PilgrimsHouse.app */ = {isa = PBXFileReference; explicitFileType = wrapper.application; includeInIndex = 0; path = PilgrimsHouse.app; sourceTree = BUILT_PRODUCTS_DIR; };
		3100DACE2111D23E00CFF78B /* AppDelegate.swift */ = {isa = PBXFileReference; lastKnownFileType = sourcecode.swift; path = AppDelegate.swift; sourceTree = "<group>"; };
		3100DAD52111D24000CFF78B /* Assets.xcassets */ = {isa = PBXFileReference; lastKnownFileType = folder.assetcatalog; path = Assets.xcassets; sourceTree = "<group>"; };
		3100DAD82111D24000CFF78B /* Base */ = {isa = PBXFileReference; lastKnownFileType = file.storyboard; name = Base; path = Base.lproj/LaunchScreen.storyboard; sourceTree = "<group>"; };
		3100DADA2111D24000CFF78B /* Info.plist */ = {isa = PBXFileReference; lastKnownFileType = text.plist.xml; path = Info.plist; sourceTree = "<group>"; };
		3100DADF2111D24000CFF78B /* PilgrimsHouseTests.xctest */ = {isa = PBXFileReference; explicitFileType = wrapper.cfbundle; includeInIndex = 0; path = PilgrimsHouseTests.xctest; sourceTree = BUILT_PRODUCTS_DIR; };
		3100DAE32111D24000CFF78B /* PilgrimsHouseTests.swift */ = {isa = PBXFileReference; lastKnownFileType = sourcecode.swift; path = PilgrimsHouseTests.swift; sourceTree = "<group>"; };
		3100DAE52111D24000CFF78B /* Info.plist */ = {isa = PBXFileReference; lastKnownFileType = text.plist.xml; path = Info.plist; sourceTree = "<group>"; };
		3100DAEA2111D24000CFF78B /* PilgrimsHouseUITests.xctest */ = {isa = PBXFileReference; explicitFileType = wrapper.cfbundle; includeInIndex = 0; path = PilgrimsHouseUITests.xctest; sourceTree = BUILT_PRODUCTS_DIR; };
		3100DAEE2111D24000CFF78B /* PilgrimsHouseUITests.swift */ = {isa = PBXFileReference; lastKnownFileType = sourcecode.swift; path = PilgrimsHouseUITests.swift; sourceTree = "<group>"; };
		3100DAF02111D24000CFF78B /* Info.plist */ = {isa = PBXFileReference; lastKnownFileType = text.plist.xml; path = Info.plist; sourceTree = "<group>"; };
		3100DB012111DEFD00CFF78B /* SplashViewController.swift */ = {isa = PBXFileReference; lastKnownFileType = sourcecode.swift; path = SplashViewController.swift; sourceTree = "<group>"; };
		3100DB052111E31000CFF78B /* UITableView+Extension.swift */ = {isa = PBXFileReference; fileEncoding = 4; lastKnownFileType = sourcecode.swift; path = "UITableView+Extension.swift"; sourceTree = "<group>"; };
		3100DB072111E31000CFF78B /* Constants.swift */ = {isa = PBXFileReference; fileEncoding = 4; lastKnownFileType = sourcecode.swift; path = Constants.swift; sourceTree = "<group>"; };
		3100DB082111E31000CFF78B /* UIViewController+Extension.swift */ = {isa = PBXFileReference; fileEncoding = 4; lastKnownFileType = sourcecode.swift; path = "UIViewController+Extension.swift"; sourceTree = "<group>"; };
		3100DB092111E31000CFF78B /* String+Extension.swift */ = {isa = PBXFileReference; fileEncoding = 4; lastKnownFileType = sourcecode.swift; path = "String+Extension.swift"; sourceTree = "<group>"; };
		3100DB0A2111E31000CFF78B /* Utils.swift */ = {isa = PBXFileReference; fileEncoding = 4; lastKnownFileType = sourcecode.swift; path = Utils.swift; sourceTree = "<group>"; };
		310304011355C558D315B523 /* Pods-PilgrimsHouseUITests.debug.xcconfig */ = {isa = PBXFileReference; includeInIndex = 1; lastKnownFileType = text.xcconfig; name = "Pods-PilgrimsHouseUITests.debug.xcconfig"; path = "Pods/Target Support Files/Pods-PilgrimsHouseUITests/Pods-PilgrimsHouseUITests.debug.xcconfig"; sourceTree = "<group>"; };
		31098E3E21133FC7007AD425 /* BestsTableViewHeader.swift */ = {isa = PBXFileReference; fileEncoding = 4; lastKnownFileType = sourcecode.swift; path = BestsTableViewHeader.swift; sourceTree = "<group>"; };
		31098E3F21133FC7007AD425 /* BestsTableViewHeader.xib */ = {isa = PBXFileReference; fileEncoding = 4; lastKnownFileType = file.xib; path = BestsTableViewHeader.xib; sourceTree = "<group>"; };
		31098E4221134028007AD425 /* MiniCategoriesTableViewCell.swift */ = {isa = PBXFileReference; fileEncoding = 4; lastKnownFileType = sourcecode.swift; path = MiniCategoriesTableViewCell.swift; sourceTree = "<group>"; };
		31098E4321134028007AD425 /* MiniCategoriesTableViewCell.xib */ = {isa = PBXFileReference; fileEncoding = 4; lastKnownFileType = file.xib; path = MiniCategoriesTableViewCell.xib; sourceTree = "<group>"; };
		31098E462113429B007AD425 /* DailyDealsTableViewCell.swift */ = {isa = PBXFileReference; fileEncoding = 4; lastKnownFileType = sourcecode.swift; path = DailyDealsTableViewCell.swift; sourceTree = "<group>"; };
		31098E472113429C007AD425 /* DailyDealsTableViewCell.xib */ = {isa = PBXFileReference; fileEncoding = 4; lastKnownFileType = file.xib; path = DailyDealsTableViewCell.xib; sourceTree = "<group>"; };
		31098E4A21134D50007AD425 /* MiniCategoryCollectionViewCell.xib */ = {isa = PBXFileReference; fileEncoding = 4; lastKnownFileType = file.xib; path = MiniCategoryCollectionViewCell.xib; sourceTree = "<group>"; };
		31098E4B21134D50007AD425 /* MiniCategoryCollectionViewCell.swift */ = {isa = PBXFileReference; fileEncoding = 4; lastKnownFileType = sourcecode.swift; path = MiniCategoryCollectionViewCell.swift; sourceTree = "<group>"; };
		31098E5121136C3D007AD425 /* ProductCollectionViewCell.swift */ = {isa = PBXFileReference; fileEncoding = 4; lastKnownFileType = sourcecode.swift; path = ProductCollectionViewCell.swift; sourceTree = "<group>"; };
		31098E5821136C57007AD425 /* ProductCollectionViewCell.xib */ = {isa = PBXFileReference; fileEncoding = 4; lastKnownFileType = file.xib; path = ProductCollectionViewCell.xib; sourceTree = "<group>"; };
		316F694E21138D7100661F7C /* Owner.swift */ = {isa = PBXFileReference; fileEncoding = 4; lastKnownFileType = sourcecode.swift; path = Owner.swift; sourceTree = "<group>"; };
		316F695021138DAC00661F7C /* Map.storyboard */ = {isa = PBXFileReference; fileEncoding = 4; lastKnownFileType = file.storyboard; path = Map.storyboard; sourceTree = "<group>"; };
		316F695321138DC800661F7C /* HotelMapDetailsView.swift */ = {isa = PBXFileReference; fileEncoding = 4; lastKnownFileType = sourcecode.swift; path = HotelMapDetailsView.swift; sourceTree = "<group>"; };
		316F695621138DDF00661F7C /* MapInfoHotelView.xib */ = {isa = PBXFileReference; fileEncoding = 4; lastKnownFileType = file.xib; path = MapInfoHotelView.xib; sourceTree = "<group>"; };
		316F695721138DDF00661F7C /* MapInfoHotelView.swift */ = {isa = PBXFileReference; fileEncoding = 4; lastKnownFileType = sourcecode.swift; path = MapInfoHotelView.swift; sourceTree = "<group>"; };
		316F695A21138DEE00661F7C /* MapViewController.swift */ = {isa = PBXFileReference; fileEncoding = 4; lastKnownFileType = sourcecode.swift; path = MapViewController.swift; sourceTree = "<group>"; };
		316F695C21139AC500661F7C /* splash.mp4 */ = {isa = PBXFileReference; lastKnownFileType = file; path = splash.mp4; sourceTree = "<group>"; };
		316F695F21139D5600661F7C /* DetailsViewController.swift */ = {isa = PBXFileReference; fileEncoding = 4; lastKnownFileType = sourcecode.swift; path = DetailsViewController.swift; sourceTree = "<group>"; };
		316F696221139D5E00661F7C /* DetailsTableViewCell.swift */ = {isa = PBXFileReference; fileEncoding = 4; lastKnownFileType = sourcecode.swift; path = DetailsTableViewCell.swift; sourceTree = "<group>"; };
		316F69642113A07B00661F7C /* Details.storyboard */ = {isa = PBXFileReference; fileEncoding = 4; lastKnownFileType = file.storyboard; path = Details.storyboard; sourceTree = "<group>"; };
		316F6968211401ED00661F7C /* SearchViewController.swift */ = {isa = PBXFileReference; fileEncoding = 4; lastKnownFileType = sourcecode.swift; path = SearchViewController.swift; sourceTree = "<group>"; };
		316F696A2114023A00661F7C /* WebViewController.swift */ = {isa = PBXFileReference; lastKnownFileType = sourcecode.swift; path = WebViewController.swift; sourceTree = "<group>"; };
		31717B9B21126E8400E06698 /* CustomTabBar.swift */ = {isa = PBXFileReference; lastKnownFileType = sourcecode.swift; path = CustomTabBar.swift; sourceTree = "<group>"; };
		31717BA021126EFE00E06698 /* en */ = {isa = PBXFileReference; lastKnownFileType = text.plist.strings; name = en; path = en.lproj/Localizable.strings; sourceTree = "<group>"; };
		31717BA121126EFE00E06698 /* ESTabBarItemMoreContentView.swift */ = {isa = PBXFileReference; fileEncoding = 4; lastKnownFileType = sourcecode.swift; path = ESTabBarItemMoreContentView.swift; sourceTree = "<group>"; };
		31717BA221126EFE00E06698 /* ESTabBarController.swift */ = {isa = PBXFileReference; fileEncoding = 4; lastKnownFileType = sourcecode.swift; path = ESTabBarController.swift; sourceTree = "<group>"; };
		31717BA321126EFE00E06698 /* ESTabBarItemContentView.swift */ = {isa = PBXFileReference; fileEncoding = 4; lastKnownFileType = sourcecode.swift; path = ESTabBarItemContentView.swift; sourceTree = "<group>"; };
		31717BA421126EFE00E06698 /* ESTabBarItem.swift */ = {isa = PBXFileReference; fileEncoding = 4; lastKnownFileType = sourcecode.swift; path = ESTabBarItem.swift; sourceTree = "<group>"; };
		31717BA521126EFE00E06698 /* ESTabBarItemBadgeView.swift */ = {isa = PBXFileReference; fileEncoding = 4; lastKnownFileType = sourcecode.swift; path = ESTabBarItemBadgeView.swift; sourceTree = "<group>"; };
		31717BA621126EFE00E06698 /* ESTabBar.swift */ = {isa = PBXFileReference; fileEncoding = 4; lastKnownFileType = sourcecode.swift; path = ESTabBar.swift; sourceTree = "<group>"; };
		31717BA721126EFE00E06698 /* ESTabBarItemContainer.swift */ = {isa = PBXFileReference; fileEncoding = 4; lastKnownFileType = sourcecode.swift; path = ESTabBarItemContainer.swift; sourceTree = "<group>"; };
		31717BB021126F7800E06698 /* HomeViewController.swift */ = {isa = PBXFileReference; lastKnownFileType = sourcecode.swift; path = HomeViewController.swift; sourceTree = "<group>"; };
		31717BB2211271F600E06698 /* CustomNavigationBar.swift */ = {isa = PBXFileReference; lastKnownFileType = sourcecode.swift; path = CustomNavigationBar.swift; sourceTree = "<group>"; };
		31717BB52112729F00E06698 /* ExampleIrregularityContentView.swift */ = {isa = PBXFileReference; fileEncoding = 4; lastKnownFileType = sourcecode.swift; path = ExampleIrregularityContentView.swift; sourceTree = "<group>"; };
		31717BB7211272AB00E06698 /* ExampleBouncesContentView.swift */ = {isa = PBXFileReference; fileEncoding = 4; lastKnownFileType = sourcecode.swift; path = ExampleBouncesContentView.swift; sourceTree = "<group>"; };
		31717BB9211272C000E06698 /* ExampleBasicContentView.swift */ = {isa = PBXFileReference; fileEncoding = 4; lastKnownFileType = sourcecode.swift; path = ExampleBasicContentView.swift; sourceTree = "<group>"; };
		31EB38CF21128ADE00F449B7 /* HomeTableCellView.swift */ = {isa = PBXFileReference; fileEncoding = 4; lastKnownFileType = sourcecode.swift; path = HomeTableCellView.swift; sourceTree = "<group>"; };
		31EB38D021128ADE00F449B7 /* HomeTableCellView.xib */ = {isa = PBXFileReference; fileEncoding = 4; lastKnownFileType = file.xib; path = HomeTableCellView.xib; sourceTree = "<group>"; };
		31EB38D521128ADE00F449B7 /* Base */ = {isa = PBXFileReference; lastKnownFileType = file.storyboard; name = Base; path = Base.lproj/Main.storyboard; sourceTree = "<group>"; };
		31EB38DB21128D6C00F449B7 /* DINNextLTArabic-Medium-ffcf5edfb280ef3a74b710d297c58820.ttf */ = {isa = PBXFileReference; lastKnownFileType = file; path = "DINNextLTArabic-Medium-ffcf5edfb280ef3a74b710d297c58820.ttf"; sourceTree = "<group>"; };
		31EB38DC21128D6C00F449B7 /* dinnextltarabic-light-ac8b82da0312e7e79515839c80829c5e.ttf */ = {isa = PBXFileReference; lastKnownFileType = file; path = "dinnextltarabic-light-ac8b82da0312e7e79515839c80829c5e.ttf"; sourceTree = "<group>"; };
		31EB38DD21128D6C00F449B7 /* DINNextLTArabic-Regular-43d5d09abfc8ed71bb15ca073976b0ed.ttf */ = {isa = PBXFileReference; lastKnownFileType = file; path = "DINNextLTArabic-Regular-43d5d09abfc8ed71bb15ca073976b0ed.ttf"; sourceTree = "<group>"; };
		31EB38DE21128D6C00F449B7 /* DINNextLTArabic-UltraLight-74ef865937485b3510d3ce7f32e0f2a7.ttf */ = {isa = PBXFileReference; lastKnownFileType = file; path = "DINNextLTArabic-UltraLight-74ef865937485b3510d3ce7f32e0f2a7.ttf"; sourceTree = "<group>"; };
		31EB38DF21128D6D00F449B7 /* DINNextLTArabic-Bold-4203828056a0da5fc095934e728090e3.ttf */ = {isa = PBXFileReference; lastKnownFileType = file; path = "DINNextLTArabic-Bold-4203828056a0da5fc095934e728090e3.ttf"; sourceTree = "<group>"; };
		31EB38E521128E2400F449B7 /* TulipFonts.swift */ = {isa = PBXFileReference; fileEncoding = 4; lastKnownFileType = sourcecode.swift; path = TulipFonts.swift; sourceTree = "<group>"; };
		31EB38E921128FDA00F449B7 /* ColorExtension.swift */ = {isa = PBXFileReference; fileEncoding = 4; lastKnownFileType = sourcecode.swift; path = ColorExtension.swift; sourceTree = "<group>"; };
		31EB38EF2112A15500F449B7 /* MeViewController.swift */ = {isa = PBXFileReference; lastKnownFileType = sourcecode.swift; path = MeViewController.swift; sourceTree = "<group>"; };
		39EA4117ABBED078E95852D7 /* Pods-PilgrimsHouse.release.xcconfig */ = {isa = PBXFileReference; includeInIndex = 1; lastKnownFileType = text.xcconfig; name = "Pods-PilgrimsHouse.release.xcconfig"; path = "Pods/Target Support Files/Pods-PilgrimsHouse/Pods-PilgrimsHouse.release.xcconfig"; sourceTree = "<group>"; };
		5E50AD7A1A51230D7D492A59 /* Pods-PilgrimsHouseTests.release.xcconfig */ = {isa = PBXFileReference; includeInIndex = 1; lastKnownFileType = text.xcconfig; name = "Pods-PilgrimsHouseTests.release.xcconfig"; path = "Pods/Target Support Files/Pods-PilgrimsHouseTests/Pods-PilgrimsHouseTests.release.xcconfig"; sourceTree = "<group>"; };
		9A088EB12113F194003C4225 /* ConversationTableViewController.swift */ = {isa = PBXFileReference; fileEncoding = 4; lastKnownFileType = sourcecode.swift; path = ConversationTableViewController.swift; sourceTree = "<group>"; };
		9A088EB32113F252003C4225 /* ViewController.swift */ = {isa = PBXFileReference; fileEncoding = 4; lastKnownFileType = sourcecode.swift; path = ViewController.swift; sourceTree = "<group>"; };
		9A088EB62113F280003C4225 /* MessageViewCell.swift */ = {isa = PBXFileReference; fileEncoding = 4; lastKnownFileType = sourcecode.swift; path = MessageViewCell.swift; sourceTree = "<group>"; };
		9A088EB72113F280003C4225 /* MessageViewCell.xib */ = {isa = PBXFileReference; fileEncoding = 4; lastKnownFileType = file.xib; path = MessageViewCell.xib; sourceTree = "<group>"; };
		9A397DAE2113FAA6006B6A94 /* DetailsTableViewController.swift */ = {isa = PBXFileReference; lastKnownFileType = sourcecode.swift; path = DetailsTableViewController.swift; sourceTree = "<group>"; };
		9AEC4E9821128E1200C66D29 /* HouseDataResponse.swift */ = {isa = PBXFileReference; fileEncoding = 4; lastKnownFileType = sourcecode.swift; path = HouseDataResponse.swift; sourceTree = "<group>"; };
		9AEC4E9921128E1200C66D29 /* Data.swift */ = {isa = PBXFileReference; fileEncoding = 4; lastKnownFileType = sourcecode.swift; path = Data.swift; sourceTree = "<group>"; };
		9AEC4E9E21128ECC00C66D29 /* ServiceProvider.swift */ = {isa = PBXFileReference; fileEncoding = 4; lastKnownFileType = sourcecode.swift; path = ServiceProvider.swift; sourceTree = "<group>"; };
		9AEC4EA021128F2A00C66D29 /* Reachability.swift */ = {isa = PBXFileReference; fileEncoding = 4; lastKnownFileType = sourcecode.swift; path = Reachability.swift; sourceTree = "<group>"; };
		9AEC4EA321128FCA00C66D29 /* Helper.swift */ = {isa = PBXFileReference; fileEncoding = 4; lastKnownFileType = sourcecode.swift; path = Helper.swift; sourceTree = "<group>"; };
		9AEC4EA5211291C100C66D29 /* Constant.swift */ = {isa = PBXFileReference; lastKnownFileType = sourcecode.swift; path = Constant.swift; sourceTree = "<group>"; };
		9AEC4EA72112925800C66D29 /* HomeServiceManager.swift */ = {isa = PBXFileReference; lastKnownFileType = sourcecode.swift; path = HomeServiceManager.swift; sourceTree = "<group>"; };
		A0713628ED29363010377B1C /* Pods-PilgrimsHouseUITests.release.xcconfig */ = {isa = PBXFileReference; includeInIndex = 1; lastKnownFileType = text.xcconfig; name = "Pods-PilgrimsHouseUITests.release.xcconfig"; path = "Pods/Target Support Files/Pods-PilgrimsHouseUITests/Pods-PilgrimsHouseUITests.release.xcconfig"; sourceTree = "<group>"; };
		B824CC2F856ACEB968D5DACB /* Pods_PilgrimsHouse.framework */ = {isa = PBXFileReference; explicitFileType = wrapper.framework; includeInIndex = 0; path = Pods_PilgrimsHouse.framework; sourceTree = BUILT_PRODUCTS_DIR; };
		BA69EAC6970F68E8BF583714 /* Pods-PilgrimsHouseTests.debug.xcconfig */ = {isa = PBXFileReference; includeInIndex = 1; lastKnownFileType = text.xcconfig; name = "Pods-PilgrimsHouseTests.debug.xcconfig"; path = "Pods/Target Support Files/Pods-PilgrimsHouseTests/Pods-PilgrimsHouseTests.debug.xcconfig"; sourceTree = "<group>"; };
		C332BD92234CD2B4DF4AA5E6 /* Pods_PilgrimsHouseUITests.framework */ = {isa = PBXFileReference; explicitFileType = wrapper.framework; includeInIndex = 0; path = Pods_PilgrimsHouseUITests.framework; sourceTree = BUILT_PRODUCTS_DIR; };
/* End PBXFileReference section */

/* Begin PBXFrameworksBuildPhase section */
		3100DAC82111D23E00CFF78B /* Frameworks */ = {
			isa = PBXFrameworksBuildPhase;
			buildActionMask = 2147483647;
			files = (
				4439537D43C00FA2CB8218F7 /* Pods_PilgrimsHouse.framework in Frameworks */,
			);
			runOnlyForDeploymentPostprocessing = 0;
		};
		3100DADC2111D24000CFF78B /* Frameworks */ = {
			isa = PBXFrameworksBuildPhase;
			buildActionMask = 2147483647;
			files = (
				B9B016029247F795E31821BD /* Pods_PilgrimsHouseTests.framework in Frameworks */,
			);
			runOnlyForDeploymentPostprocessing = 0;
		};
		3100DAE72111D24000CFF78B /* Frameworks */ = {
			isa = PBXFrameworksBuildPhase;
			buildActionMask = 2147483647;
			files = (
				F3C4D5CB08A5054FD4174562 /* Pods_PilgrimsHouseUITests.framework in Frameworks */,
			);
			runOnlyForDeploymentPostprocessing = 0;
		};
/* End PBXFrameworksBuildPhase section */

/* Begin PBXGroup section */
		3100DAC22111D23E00CFF78B = {
			isa = PBXGroup;
			children = (
				3100DACD2111D23E00CFF78B /* PilgrimsHouse */,
				3100DAE22111D24000CFF78B /* PilgrimsHouseTests */,
				3100DAED2111D24000CFF78B /* PilgrimsHouseUITests */,
				3100DACC2111D23E00CFF78B /* Products */,
				EB8AB2F9C355C8DF9A8E9B58 /* Pods */,
				603EEFBB7608F1716005FB2B /* Frameworks */,
			);
			sourceTree = "<group>";
		};
		3100DACC2111D23E00CFF78B /* Products */ = {
			isa = PBXGroup;
			children = (
				3100DACB2111D23E00CFF78B /* PilgrimsHouse.app */,
				3100DADF2111D24000CFF78B /* PilgrimsHouseTests.xctest */,
				3100DAEA2111D24000CFF78B /* PilgrimsHouseUITests.xctest */,
			);
			name = Products;
			sourceTree = "<group>";
		};
		3100DACD2111D23E00CFF78B /* PilgrimsHouse */ = {
			isa = PBXGroup;
			children = (
				9AEC4EA221128FBF00C66D29 /* Utils */,
				9AEC4E9D21128EAA00C66D29 /* ServiceProvider */,
				9AEC4E9C21128E8500C66D29 /* ServiceManager */,
				31EB38D321128ADE00F449B7 /* StoryBoard */,
				9AEC4E9621128DF800C66D29 /* Model */,
				31EB38CD21128ADE00F449B7 /* Views */,
				3100DB002111DEEB00CFF78B /* Controllers */,
				31717B9D21126EE100E06698 /* ThirdParties */,
				3100DB032111E31000CFF78B /* Extensions */,
				3100DAFC2111D91500CFF78B /* Supporting Files */,
			);
			path = PilgrimsHouse;
			sourceTree = "<group>";
		};
		3100DAE22111D24000CFF78B /* PilgrimsHouseTests */ = {
			isa = PBXGroup;
			children = (
				3100DAE32111D24000CFF78B /* PilgrimsHouseTests.swift */,
				3100DAE52111D24000CFF78B /* Info.plist */,
			);
			path = PilgrimsHouseTests;
			sourceTree = "<group>";
		};
		3100DAED2111D24000CFF78B /* PilgrimsHouseUITests */ = {
			isa = PBXGroup;
			children = (
				3100DAEE2111D24000CFF78B /* PilgrimsHouseUITests.swift */,
				3100DAF02111D24000CFF78B /* Info.plist */,
			);
			path = PilgrimsHouseUITests;
			sourceTree = "<group>";
		};
		3100DAFC2111D91500CFF78B /* Supporting Files */ = {
			isa = PBXGroup;
			children = (
				3100DACE2111D23E00CFF78B /* AppDelegate.swift */,
				3100DAFD2111D92700CFF78B /* Fonts */,
				3100DAFE2111D94000CFF78B /* Config */,
				3100DAFF2111D94D00CFF78B /* Resources */,
			);
			path = "Supporting Files";
			sourceTree = "<group>";
		};
		3100DAFD2111D92700CFF78B /* Fonts */ = {
			isa = PBXGroup;
			children = (
				31EB38DF21128D6D00F449B7 /* DINNextLTArabic-Bold-4203828056a0da5fc095934e728090e3.ttf */,
				31EB38DC21128D6C00F449B7 /* dinnextltarabic-light-ac8b82da0312e7e79515839c80829c5e.ttf */,
				31EB38DB21128D6C00F449B7 /* DINNextLTArabic-Medium-ffcf5edfb280ef3a74b710d297c58820.ttf */,
				31EB38DD21128D6C00F449B7 /* DINNextLTArabic-Regular-43d5d09abfc8ed71bb15ca073976b0ed.ttf */,
				31EB38DE21128D6C00F449B7 /* DINNextLTArabic-UltraLight-74ef865937485b3510d3ce7f32e0f2a7.ttf */,
			);
			path = Fonts;
			sourceTree = "<group>";
		};
		3100DAFE2111D94000CFF78B /* Config */ = {
			isa = PBXGroup;
			children = (
				3100DADA2111D24000CFF78B /* Info.plist */,
			);
			path = Config;
			sourceTree = "<group>";
		};
		3100DAFF2111D94D00CFF78B /* Resources */ = {
			isa = PBXGroup;
			children = (
				316F695C21139AC500661F7C /* splash.mp4 */,
				3100DAD72111D24000CFF78B /* LaunchScreen.storyboard */,
				3100DAD52111D24000CFF78B /* Assets.xcassets */,
			);
			path = Resources;
			sourceTree = "<group>";
		};
		3100DB002111DEEB00CFF78B /* Controllers */ = {
			isa = PBXGroup;
			children = (
				9A088EB12113F194003C4225 /* ConversationTableViewController.swift */,
				316F695E21139D5600661F7C /* Details */,
				316F695A21138DEE00661F7C /* MapViewController.swift */,
				31098E3D21133FB9007AD425 /* Home */,
				31717BB42112729200E06698 /* TabBar */,
				3100DB012111DEFD00CFF78B /* SplashViewController.swift */,
				31EB38EF2112A15500F449B7 /* MeViewController.swift */,
				316F6968211401ED00661F7C /* SearchViewController.swift */,
				31717BB021126F7800E06698 /* HomeViewController.swift */,
				316F696A2114023A00661F7C /* WebViewController.swift */,
				9A397DAE2113FAA6006B6A94 /* DetailsTableViewController.swift */,
			);
			path = Controllers;
			sourceTree = "<group>";
		};
		3100DB032111E31000CFF78B /* Extensions */ = {
			isa = PBXGroup;
			children = (
				3100DB042111E31000CFF78B /* CommonUI */,
				3100DB062111E31000CFF78B /* CommonUtils */,
			);
			path = Extensions;
			sourceTree = "<group>";
		};
		3100DB042111E31000CFF78B /* CommonUI */ = {
			isa = PBXGroup;
			children = (
				9A088EB32113F252003C4225 /* ViewController.swift */,
				31EB38E921128FDA00F449B7 /* ColorExtension.swift */,
				3100DB052111E31000CFF78B /* UITableView+Extension.swift */,
				31717B9B21126E8400E06698 /* CustomTabBar.swift */,
				31717BB2211271F600E06698 /* CustomNavigationBar.swift */,
			);
			path = CommonUI;
			sourceTree = "<group>";
		};
		3100DB062111E31000CFF78B /* CommonUtils */ = {
			isa = PBXGroup;
			children = (
				3100DB072111E31000CFF78B /* Constants.swift */,
				31EB38E521128E2400F449B7 /* TulipFonts.swift */,
				3100DB082111E31000CFF78B /* UIViewController+Extension.swift */,
				3100DB092111E31000CFF78B /* String+Extension.swift */,
				3100DB0A2111E31000CFF78B /* Utils.swift */,
			);
			path = CommonUtils;
			sourceTree = "<group>";
		};
		31098E3D21133FB9007AD425 /* Home */ = {
			isa = PBXGroup;
			children = (
				31098E462113429B007AD425 /* DailyDealsTableViewCell.swift */,
				31098E472113429C007AD425 /* DailyDealsTableViewCell.xib */,
			);
			path = Home;
			sourceTree = "<group>";
		};
		316F695221138DC800661F7C /* MapModelView */ = {
			isa = PBXGroup;
			children = (
				316F695321138DC800661F7C /* HotelMapDetailsView.swift */,
			);
			path = MapModelView;
			sourceTree = "<group>";
		};
		316F695521138DDF00661F7C /* MapView */ = {
			isa = PBXGroup;
			children = (
				316F695621138DDF00661F7C /* MapInfoHotelView.xib */,
				316F695721138DDF00661F7C /* MapInfoHotelView.swift */,
			);
			path = MapView;
			sourceTree = "<group>";
		};
		316F695E21139D5600661F7C /* Details */ = {
			isa = PBXGroup;
			children = (
				316F695F21139D5600661F7C /* DetailsViewController.swift */,
			);
			path = Details;
			sourceTree = "<group>";
		};
		316F696121139D5E00661F7C /* Details */ = {
			isa = PBXGroup;
			children = (
				316F696221139D5E00661F7C /* DetailsTableViewCell.swift */,
			);
			path = Details;
			sourceTree = "<group>";
		};
		31717B9D21126EE100E06698 /* ThirdParties */ = {
			isa = PBXGroup;
			children = (
				31717B9E21126EFE00E06698 /* ESTabBar */,
			);
			path = ThirdParties;
			sourceTree = "<group>";
		};
		31717B9E21126EFE00E06698 /* ESTabBar */ = {
			isa = PBXGroup;
			children = (
				31717B9F21126EFE00E06698 /* Localizable.strings */,
				31717BA121126EFE00E06698 /* ESTabBarItemMoreContentView.swift */,
				31717BA221126EFE00E06698 /* ESTabBarController.swift */,
				31717BA321126EFE00E06698 /* ESTabBarItemContentView.swift */,
				31717BA421126EFE00E06698 /* ESTabBarItem.swift */,
				31717BA521126EFE00E06698 /* ESTabBarItemBadgeView.swift */,
				31717BA621126EFE00E06698 /* ESTabBar.swift */,
				31717BA721126EFE00E06698 /* ESTabBarItemContainer.swift */,
			);
			path = ESTabBar;
			sourceTree = "<group>";
		};
		31717BB42112729200E06698 /* TabBar */ = {
			isa = PBXGroup;
			children = (
				31717BB52112729F00E06698 /* ExampleIrregularityContentView.swift */,
				31717BB7211272AB00E06698 /* ExampleBouncesContentView.swift */,
				31717BB9211272C000E06698 /* ExampleBasicContentView.swift */,
			);
			path = TabBar;
			sourceTree = "<group>";
		};
		31EB38CD21128ADE00F449B7 /* Views */ = {
			isa = PBXGroup;
			children = (
				9A088EB52113F280003C4225 /* MessageViewCell */,
				316F696121139D5E00661F7C /* Details */,
				316F695521138DDF00661F7C /* MapView */,
				31EB38CE21128ADE00F449B7 /* HomeCell */,
			);
			path = Views;
			sourceTree = "<group>";
		};
		31EB38CE21128ADE00F449B7 /* HomeCell */ = {
			isa = PBXGroup;
			children = (
				31098E3E21133FC7007AD425 /* BestsTableViewHeader.swift */,
				31098E3F21133FC7007AD425 /* BestsTableViewHeader.xib */,
				31098E4B21134D50007AD425 /* MiniCategoryCollectionViewCell.swift */,
				31098E4A21134D50007AD425 /* MiniCategoryCollectionViewCell.xib */,
				31098E4221134028007AD425 /* MiniCategoriesTableViewCell.swift */,
				31098E4321134028007AD425 /* MiniCategoriesTableViewCell.xib */,
				31098E5121136C3D007AD425 /* ProductCollectionViewCell.swift */,
				31098E5821136C57007AD425 /* ProductCollectionViewCell.xib */,
				31EB38CF21128ADE00F449B7 /* HomeTableCellView.swift */,
				31EB38D021128ADE00F449B7 /* HomeTableCellView.xib */,
			);
			path = HomeCell;
			sourceTree = "<group>";
		};
		31EB38D321128ADE00F449B7 /* StoryBoard */ = {
			isa = PBXGroup;
			children = (
				316F69642113A07B00661F7C /* Details.storyboard */,
				316F695021138DAC00661F7C /* Map.storyboard */,
				31EB38D421128ADE00F449B7 /* Main.storyboard */,
			);
			path = StoryBoard;
			sourceTree = "<group>";
		};
		603EEFBB7608F1716005FB2B /* Frameworks */ = {
			isa = PBXGroup;
			children = (
				B824CC2F856ACEB968D5DACB /* Pods_PilgrimsHouse.framework */,
				231216318EE61E9DB6FE899F /* Pods_PilgrimsHouseTests.framework */,
				C332BD92234CD2B4DF4AA5E6 /* Pods_PilgrimsHouseUITests.framework */,
			);
			name = Frameworks;
			sourceTree = "<group>";
		};
		9A088EB52113F280003C4225 /* MessageViewCell */ = {
			isa = PBXGroup;
			children = (
				9A088EB62113F280003C4225 /* MessageViewCell.swift */,
				9A088EB72113F280003C4225 /* MessageViewCell.xib */,
			);
			path = MessageViewCell;
			sourceTree = "<group>";
		};
		9AEC4E9621128DF800C66D29 /* Model */ = {
			isa = PBXGroup;
			children = (
				316F695221138DC800661F7C /* MapModelView */,
				9AEC4E9721128E0500C66D29 /* Home */,
			);
			path = Model;
			sourceTree = "<group>";
		};
		9AEC4E9721128E0500C66D29 /* Home */ = {
			isa = PBXGroup;
			children = (
				316F694E21138D7100661F7C /* Owner.swift */,
				9AEC4E9921128E1200C66D29 /* Data.swift */,
				9AEC4E9821128E1200C66D29 /* HouseDataResponse.swift */,
			);
			path = Home;
			sourceTree = "<group>";
		};
		9AEC4E9C21128E8500C66D29 /* ServiceManager */ = {
			isa = PBXGroup;
			children = (
				9AEC4EA72112925800C66D29 /* HomeServiceManager.swift */,
			);
			path = ServiceManager;
			sourceTree = "<group>";
		};
		9AEC4E9D21128EAA00C66D29 /* ServiceProvider */ = {
			isa = PBXGroup;
			children = (
				9AEC4E9E21128ECC00C66D29 /* ServiceProvider.swift */,
				9AEC4EA021128F2A00C66D29 /* Reachability.swift */,
			);
			path = ServiceProvider;
			sourceTree = "<group>";
		};
		9AEC4EA221128FBF00C66D29 /* Utils */ = {
			isa = PBXGroup;
			children = (
				9AEC4EA321128FCA00C66D29 /* Helper.swift */,
				9AEC4EA5211291C100C66D29 /* Constant.swift */,
			);
			path = Utils;
			sourceTree = "<group>";
		};
		EB8AB2F9C355C8DF9A8E9B58 /* Pods */ = {
			isa = PBXGroup;
			children = (
				2AB31AC3DAA60580810E10C5 /* Pods-PilgrimsHouse.debug.xcconfig */,
				39EA4117ABBED078E95852D7 /* Pods-PilgrimsHouse.release.xcconfig */,
				BA69EAC6970F68E8BF583714 /* Pods-PilgrimsHouseTests.debug.xcconfig */,
				5E50AD7A1A51230D7D492A59 /* Pods-PilgrimsHouseTests.release.xcconfig */,
				310304011355C558D315B523 /* Pods-PilgrimsHouseUITests.debug.xcconfig */,
				A0713628ED29363010377B1C /* Pods-PilgrimsHouseUITests.release.xcconfig */,
			);
			name = Pods;
			sourceTree = "<group>";
		};
/* End PBXGroup section */

/* Begin PBXNativeTarget section */
		3100DACA2111D23E00CFF78B /* PilgrimsHouse */ = {
			isa = PBXNativeTarget;
			buildConfigurationList = 3100DAF32111D24000CFF78B /* Build configuration list for PBXNativeTarget "PilgrimsHouse" */;
			buildPhases = (
				00A1D301E75D60603A5936CA /* [CP] Check Pods Manifest.lock */,
				3100DAC72111D23E00CFF78B /* Sources */,
				3100DAC82111D23E00CFF78B /* Frameworks */,
				3100DAC92111D23E00CFF78B /* Resources */,
				E812161B70F790AD4A52A041 /* [CP] Embed Pods Frameworks */,
			);
			buildRules = (
			);
			dependencies = (
			);
			name = PilgrimsHouse;
			productName = PilgrimsHouse;
			productReference = 3100DACB2111D23E00CFF78B /* PilgrimsHouse.app */;
			productType = "com.apple.product-type.application";
		};
		3100DADE2111D24000CFF78B /* PilgrimsHouseTests */ = {
			isa = PBXNativeTarget;
			buildConfigurationList = 3100DAF62111D24000CFF78B /* Build configuration list for PBXNativeTarget "PilgrimsHouseTests" */;
			buildPhases = (
				6AD11386CFBA07074C814B9C /* [CP] Check Pods Manifest.lock */,
				3100DADB2111D24000CFF78B /* Sources */,
				3100DADC2111D24000CFF78B /* Frameworks */,
				3100DADD2111D24000CFF78B /* Resources */,
			);
			buildRules = (
			);
			dependencies = (
				3100DAE12111D24000CFF78B /* PBXTargetDependency */,
			);
			name = PilgrimsHouseTests;
			productName = PilgrimsHouseTests;
			productReference = 3100DADF2111D24000CFF78B /* PilgrimsHouseTests.xctest */;
			productType = "com.apple.product-type.bundle.unit-test";
		};
		3100DAE92111D24000CFF78B /* PilgrimsHouseUITests */ = {
			isa = PBXNativeTarget;
			buildConfigurationList = 3100DAF92111D24000CFF78B /* Build configuration list for PBXNativeTarget "PilgrimsHouseUITests" */;
			buildPhases = (
				44181D61662BD5A073058787 /* [CP] Check Pods Manifest.lock */,
				3100DAE62111D24000CFF78B /* Sources */,
				3100DAE72111D24000CFF78B /* Frameworks */,
				3100DAE82111D24000CFF78B /* Resources */,
			);
			buildRules = (
			);
			dependencies = (
				3100DAEC2111D24000CFF78B /* PBXTargetDependency */,
			);
			name = PilgrimsHouseUITests;
			productName = PilgrimsHouseUITests;
			productReference = 3100DAEA2111D24000CFF78B /* PilgrimsHouseUITests.xctest */;
			productType = "com.apple.product-type.bundle.ui-testing";
		};
/* End PBXNativeTarget section */

/* Begin PBXProject section */
		3100DAC32111D23E00CFF78B /* Project object */ = {
			isa = PBXProject;
			attributes = {
				LastSwiftUpdateCheck = 0940;
				LastUpgradeCheck = 0940;
				ORGANIZATIONNAME = "Manar Magdy";
				TargetAttributes = {
					3100DACA2111D23E00CFF78B = {
						CreatedOnToolsVersion = 9.4.1;
					};
					3100DADE2111D24000CFF78B = {
						CreatedOnToolsVersion = 9.4.1;
						TestTargetID = 3100DACA2111D23E00CFF78B;
					};
					3100DAE92111D24000CFF78B = {
						CreatedOnToolsVersion = 9.4.1;
						TestTargetID = 3100DACA2111D23E00CFF78B;
					};
				};
			};
			buildConfigurationList = 3100DAC62111D23E00CFF78B /* Build configuration list for PBXProject "PilgrimsHouse" */;
			compatibilityVersion = "Xcode 9.3";
			developmentRegion = en;
			hasScannedForEncodings = 0;
			knownRegions = (
				en,
				Base,
				ar,
			);
			mainGroup = 3100DAC22111D23E00CFF78B;
			productRefGroup = 3100DACC2111D23E00CFF78B /* Products */;
			projectDirPath = "";
			projectRoot = "";
			targets = (
				3100DACA2111D23E00CFF78B /* PilgrimsHouse */,
				3100DADE2111D24000CFF78B /* PilgrimsHouseTests */,
				3100DAE92111D24000CFF78B /* PilgrimsHouseUITests */,
			);
		};
/* End PBXProject section */

/* Begin PBXResourcesBuildPhase section */
		3100DAC92111D23E00CFF78B /* Resources */ = {
			isa = PBXResourcesBuildPhase;
			buildActionMask = 2147483647;
			files = (
				9A088EB92113F280003C4225 /* MessageViewCell.xib in Resources */,
				316F695D21139AF700661F7C /* splash.mp4 in Resources */,
				31098E5A21137AE0007AD425 /* HomeTableCellView.xib in Resources */,
				31EB38E021128D9B00F449B7 /* DINNextLTArabic-Bold-4203828056a0da5fc095934e728090e3.ttf in Resources */,
				31EB38E121128D9B00F449B7 /* dinnextltarabic-light-ac8b82da0312e7e79515839c80829c5e.ttf in Resources */,
				31EB38E221128D9B00F449B7 /* DINNextLTArabic-Medium-ffcf5edfb280ef3a74b710d297c58820.ttf in Resources */,
				31098E4521134028007AD425 /* MiniCategoriesTableViewCell.xib in Resources */,
				31EB38E321128D9B00F449B7 /* DINNextLTArabic-Regular-43d5d09abfc8ed71bb15ca073976b0ed.ttf in Resources */,
				31EB38E421128D9B00F449B7 /* DINNextLTArabic-UltraLight-74ef865937485b3510d3ce7f32e0f2a7.ttf in Resources */,
				31EB38DA21128ADE00F449B7 /* Main.storyboard in Resources */,
				31717BA821126EFE00E06698 /* Localizable.strings in Resources */,
				316F695121138DAC00661F7C /* Map.storyboard in Resources */,
				31098E4C21134D50007AD425 /* MiniCategoryCollectionViewCell.xib in Resources */,
				31098E492113429C007AD425 /* DailyDealsTableViewCell.xib in Resources */,
				3100DAD92111D24000CFF78B /* LaunchScreen.storyboard in Resources */,
				31098E4121133FC7007AD425 /* BestsTableViewHeader.xib in Resources */,
				3100DAD62111D24000CFF78B /* Assets.xcassets in Resources */,
				316F69652113A07B00661F7C /* Details.storyboard in Resources */,
				316F695821138DDF00661F7C /* MapInfoHotelView.xib in Resources */,
				31098E5921136C58007AD425 /* ProductCollectionViewCell.xib in Resources */,
			);
			runOnlyForDeploymentPostprocessing = 0;
		};
		3100DADD2111D24000CFF78B /* Resources */ = {
			isa = PBXResourcesBuildPhase;
			buildActionMask = 2147483647;
			files = (
			);
			runOnlyForDeploymentPostprocessing = 0;
		};
		3100DAE82111D24000CFF78B /* Resources */ = {
			isa = PBXResourcesBuildPhase;
			buildActionMask = 2147483647;
			files = (
			);
			runOnlyForDeploymentPostprocessing = 0;
		};
/* End PBXResourcesBuildPhase section */

/* Begin PBXShellScriptBuildPhase section */
		00A1D301E75D60603A5936CA /* [CP] Check Pods Manifest.lock */ = {
			isa = PBXShellScriptBuildPhase;
			buildActionMask = 2147483647;
			files = (
			);
			inputPaths = (
				"${PODS_PODFILE_DIR_PATH}/Podfile.lock",
				"${PODS_ROOT}/Manifest.lock",
			);
			name = "[CP] Check Pods Manifest.lock";
			outputPaths = (
				"$(DERIVED_FILE_DIR)/Pods-PilgrimsHouse-checkManifestLockResult.txt",
			);
			runOnlyForDeploymentPostprocessing = 0;
			shellPath = /bin/sh;
			shellScript = "diff \"${PODS_PODFILE_DIR_PATH}/Podfile.lock\" \"${PODS_ROOT}/Manifest.lock\" > /dev/null\nif [ $? != 0 ] ; then\n    # print error to STDERR\n    echo \"error: The sandbox is not in sync with the Podfile.lock. Run 'pod install' or update your CocoaPods installation.\" >&2\n    exit 1\nfi\n# This output is used by Xcode 'outputs' to avoid re-running this script phase.\necho \"SUCCESS\" > \"${SCRIPT_OUTPUT_FILE_0}\"\n";
			showEnvVarsInLog = 0;
		};
		44181D61662BD5A073058787 /* [CP] Check Pods Manifest.lock */ = {
			isa = PBXShellScriptBuildPhase;
			buildActionMask = 2147483647;
			files = (
			);
			inputPaths = (
				"${PODS_PODFILE_DIR_PATH}/Podfile.lock",
				"${PODS_ROOT}/Manifest.lock",
			);
			name = "[CP] Check Pods Manifest.lock";
			outputPaths = (
				"$(DERIVED_FILE_DIR)/Pods-PilgrimsHouseUITests-checkManifestLockResult.txt",
			);
			runOnlyForDeploymentPostprocessing = 0;
			shellPath = /bin/sh;
			shellScript = "diff \"${PODS_PODFILE_DIR_PATH}/Podfile.lock\" \"${PODS_ROOT}/Manifest.lock\" > /dev/null\nif [ $? != 0 ] ; then\n    # print error to STDERR\n    echo \"error: The sandbox is not in sync with the Podfile.lock. Run 'pod install' or update your CocoaPods installation.\" >&2\n    exit 1\nfi\n# This output is used by Xcode 'outputs' to avoid re-running this script phase.\necho \"SUCCESS\" > \"${SCRIPT_OUTPUT_FILE_0}\"\n";
			showEnvVarsInLog = 0;
		};
		6AD11386CFBA07074C814B9C /* [CP] Check Pods Manifest.lock */ = {
			isa = PBXShellScriptBuildPhase;
			buildActionMask = 2147483647;
			files = (
			);
			inputPaths = (
				"${PODS_PODFILE_DIR_PATH}/Podfile.lock",
				"${PODS_ROOT}/Manifest.lock",
			);
			name = "[CP] Check Pods Manifest.lock";
			outputPaths = (
				"$(DERIVED_FILE_DIR)/Pods-PilgrimsHouseTests-checkManifestLockResult.txt",
			);
			runOnlyForDeploymentPostprocessing = 0;
			shellPath = /bin/sh;
			shellScript = "diff \"${PODS_PODFILE_DIR_PATH}/Podfile.lock\" \"${PODS_ROOT}/Manifest.lock\" > /dev/null\nif [ $? != 0 ] ; then\n    # print error to STDERR\n    echo \"error: The sandbox is not in sync with the Podfile.lock. Run 'pod install' or update your CocoaPods installation.\" >&2\n    exit 1\nfi\n# This output is used by Xcode 'outputs' to avoid re-running this script phase.\necho \"SUCCESS\" > \"${SCRIPT_OUTPUT_FILE_0}\"\n";
			showEnvVarsInLog = 0;
		};
		E812161B70F790AD4A52A041 /* [CP] Embed Pods Frameworks */ = {
			isa = PBXShellScriptBuildPhase;
			buildActionMask = 2147483647;
			files = (
			);
			inputPaths = (
				"${SRCROOT}/Pods/Target Support Files/Pods-PilgrimsHouse/Pods-PilgrimsHouse-frameworks.sh",
				"${BUILT_PRODUCTS_DIR}/Alamofire/Alamofire.framework",
				"${BUILT_PRODUCTS_DIR}/Cosmos/Cosmos.framework",
				"${BUILT_PRODUCTS_DIR}/HCFramework/HCFramework.framework",
				"${BUILT_PRODUCTS_DIR}/HCMapInfoView/HCMapInfoView.framework",
				"${BUILT_PRODUCTS_DIR}/IQKeyboardManagerSwift/IQKeyboardManagerSwift.framework",
				"${BUILT_PRODUCTS_DIR}/JDropDownAlert/JDropDownAlert.framework",
				"${BUILT_PRODUCTS_DIR}/NVActivityIndicatorView/NVActivityIndicatorView.framework",
				"${BUILT_PRODUCTS_DIR}/ObjectMapper/ObjectMapper.framework",
				"${BUILT_PRODUCTS_DIR}/SCLAlertView/SCLAlertView.framework",
				"${BUILT_PRODUCTS_DIR}/SDWebImage/SDWebImage.framework",
				"${BUILT_PRODUCTS_DIR}/SVProgressHUD/SVProgressHUD.framework",
				"${BUILT_PRODUCTS_DIR}/SwifterSwift/SwifterSwift.framework",
			);
			name = "[CP] Embed Pods Frameworks";
			outputPaths = (
				"${TARGET_BUILD_DIR}/${FRAMEWORKS_FOLDER_PATH}/Alamofire.framework",
				"${TARGET_BUILD_DIR}/${FRAMEWORKS_FOLDER_PATH}/Cosmos.framework",
				"${TARGET_BUILD_DIR}/${FRAMEWORKS_FOLDER_PATH}/HCFramework.framework",
				"${TARGET_BUILD_DIR}/${FRAMEWORKS_FOLDER_PATH}/HCMapInfoView.framework",
				"${TARGET_BUILD_DIR}/${FRAMEWORKS_FOLDER_PATH}/IQKeyboardManagerSwift.framework",
				"${TARGET_BUILD_DIR}/${FRAMEWORKS_FOLDER_PATH}/JDropDownAlert.framework",
				"${TARGET_BUILD_DIR}/${FRAMEWORKS_FOLDER_PATH}/NVActivityIndicatorView.framework",
				"${TARGET_BUILD_DIR}/${FRAMEWORKS_FOLDER_PATH}/ObjectMapper.framework",
				"${TARGET_BUILD_DIR}/${FRAMEWORKS_FOLDER_PATH}/SCLAlertView.framework",
				"${TARGET_BUILD_DIR}/${FRAMEWORKS_FOLDER_PATH}/SDWebImage.framework",
				"${TARGET_BUILD_DIR}/${FRAMEWORKS_FOLDER_PATH}/SVProgressHUD.framework",
				"${TARGET_BUILD_DIR}/${FRAMEWORKS_FOLDER_PATH}/SwifterSwift.framework",
			);
			runOnlyForDeploymentPostprocessing = 0;
			shellPath = /bin/sh;
			shellScript = "\"${SRCROOT}/Pods/Target Support Files/Pods-PilgrimsHouse/Pods-PilgrimsHouse-frameworks.sh\"\n";
			showEnvVarsInLog = 0;
		};
/* End PBXShellScriptBuildPhase section */

/* Begin PBXSourcesBuildPhase section */
		3100DAC72111D23E00CFF78B /* Sources */ = {
			isa = PBXSourcesBuildPhase;
			buildActionMask = 2147483647;
			files = (
				31717BB62112729F00E06698 /* ExampleIrregularityContentView.swift in Sources */,
				316F696021139D5600661F7C /* DetailsViewController.swift in Sources */,
				3100DACF2111D23E00CFF78B /* AppDelegate.swift in Sources */,
				3100DB022111DEFD00CFF78B /* SplashViewController.swift in Sources */,
				31EB38EA21128FDA00F449B7 /* ColorExtension.swift in Sources */,
				3100DB0B2111E31000CFF78B /* UITableView+Extension.swift in Sources */,
				316F696321139D5E00661F7C /* DetailsTableViewCell.swift in Sources */,
				316F695921138DDF00661F7C /* MapInfoHotelView.swift in Sources */,
				316F6969211401EE00661F7C /* SearchViewController.swift in Sources */,
				31EB38F02112A15500F449B7 /* MeViewController.swift in Sources */,
				31098E4021133FC7007AD425 /* BestsTableViewHeader.swift in Sources */,
				316F695421138DC800661F7C /* HotelMapDetailsView.swift in Sources */,
				3100DB0F2111E31000CFF78B /* Utils.swift in Sources */,
				9AEC4EA421128FCA00C66D29 /* Helper.swift in Sources */,
				31717BAC21126EFE00E06698 /* ESTabBarItem.swift in Sources */,
				9AEC4EA6211291C100C66D29 /* Constant.swift in Sources */,
				31717B9C21126E8400E06698 /* CustomTabBar.swift in Sources */,
				9A088EB22113F194003C4225 /* ConversationTableViewController.swift in Sources */,
				9AEC4E9B21128E1200C66D29 /* Data.swift in Sources */,
				31098E5621136C3D007AD425 /* ProductCollectionViewCell.swift in Sources */,
				3100DB0D2111E31000CFF78B /* UIViewController+Extension.swift in Sources */,
				31717BAE21126EFE00E06698 /* ESTabBar.swift in Sources */,
				31EB38D621128ADE00F449B7 /* HomeTableCellView.swift in Sources */,
				3100DB0E2111E31000CFF78B /* String+Extension.swift in Sources */,
				31098E4D21134D50007AD425 /* MiniCategoryCollectionViewCell.swift in Sources */,
				31098E482113429C007AD425 /* DailyDealsTableViewCell.swift in Sources */,
				9AEC4EA121128F2B00C66D29 /* Reachability.swift in Sources */,
				9A088EB42113F252003C4225 /* ViewController.swift in Sources */,
				9A088EB82113F280003C4225 /* MessageViewCell.swift in Sources */,
				316F695B21138DEE00661F7C /* MapViewController.swift in Sources */,
				9AEC4EA82112925800C66D29 /* HomeServiceManager.swift in Sources */,
				316F696B2114023A00661F7C /* WebViewController.swift in Sources */,
				31717BAD21126EFE00E06698 /* ESTabBarItemBadgeView.swift in Sources */,
				9AEC4E9A21128E1200C66D29 /* HouseDataResponse.swift in Sources */,
				31717BAA21126EFE00E06698 /* ESTabBarController.swift in Sources */,
				31098E4421134028007AD425 /* MiniCategoriesTableViewCell.swift in Sources */,
				31717BB8211272AB00E06698 /* ExampleBouncesContentView.swift in Sources */,
				31717BB121126F7800E06698 /* HomeViewController.swift in Sources */,
				31EB38E621128E2400F449B7 /* TulipFonts.swift in Sources */,
				316F694F21138D7100661F7C /* Owner.swift in Sources */,
				31717BB3211271F600E06698 /* CustomNavigationBar.swift in Sources */,
				31717BAB21126EFE00E06698 /* ESTabBarItemContentView.swift in Sources */,
				31717BBA211272C000E06698 /* ExampleBasicContentView.swift in Sources */,
				9AEC4E9F21128ECC00C66D29 /* ServiceProvider.swift in Sources */,
				3100DB0C2111E31000CFF78B /* Constants.swift in Sources */,
				31717BA921126EFE00E06698 /* ESTabBarItemMoreContentView.swift in Sources */,
				9A397DAF2113FAA6006B6A94 /* DetailsTableViewController.swift in Sources */,
				31717BAF21126EFE00E06698 /* ESTabBarItemContainer.swift in Sources */,
			);
			runOnlyForDeploymentPostprocessing = 0;
		};
		3100DADB2111D24000CFF78B /* Sources */ = {
			isa = PBXSourcesBuildPhase;
			buildActionMask = 2147483647;
			files = (
				3100DAE42111D24000CFF78B /* PilgrimsHouseTests.swift in Sources */,
			);
			runOnlyForDeploymentPostprocessing = 0;
		};
		3100DAE62111D24000CFF78B /* Sources */ = {
			isa = PBXSourcesBuildPhase;
			buildActionMask = 2147483647;
			files = (
				3100DAEF2111D24000CFF78B /* PilgrimsHouseUITests.swift in Sources */,
			);
			runOnlyForDeploymentPostprocessing = 0;
		};
/* End PBXSourcesBuildPhase section */

/* Begin PBXTargetDependency section */
		3100DAE12111D24000CFF78B /* PBXTargetDependency */ = {
			isa = PBXTargetDependency;
			target = 3100DACA2111D23E00CFF78B /* PilgrimsHouse */;
			targetProxy = 3100DAE02111D24000CFF78B /* PBXContainerItemProxy */;
		};
		3100DAEC2111D24000CFF78B /* PBXTargetDependency */ = {
			isa = PBXTargetDependency;
			target = 3100DACA2111D23E00CFF78B /* PilgrimsHouse */;
			targetProxy = 3100DAEB2111D24000CFF78B /* PBXContainerItemProxy */;
		};
/* End PBXTargetDependency section */

/* Begin PBXVariantGroup section */
		3100DAD72111D24000CFF78B /* LaunchScreen.storyboard */ = {
			isa = PBXVariantGroup;
			children = (
				3100DAD82111D24000CFF78B /* Base */,
			);
			name = LaunchScreen.storyboard;
			sourceTree = "<group>";
		};
		31717B9F21126EFE00E06698 /* Localizable.strings */ = {
			isa = PBXVariantGroup;
			children = (
				31717BA021126EFE00E06698 /* en */,
			);
			name = Localizable.strings;
			sourceTree = "<group>";
		};
		31EB38D421128ADE00F449B7 /* Main.storyboard */ = {
			isa = PBXVariantGroup;
			children = (
				31EB38D521128ADE00F449B7 /* Base */,
			);
			name = Main.storyboard;
			sourceTree = "<group>";
		};
/* End PBXVariantGroup section */

/* Begin XCBuildConfiguration section */
		3100DAF12111D24000CFF78B /* Debug */ = {
			isa = XCBuildConfiguration;
			buildSettings = {
				ALWAYS_SEARCH_USER_PATHS = NO;
				CLANG_ANALYZER_NONNULL = YES;
				CLANG_ANALYZER_NUMBER_OBJECT_CONVERSION = YES_AGGRESSIVE;
				CLANG_CXX_LANGUAGE_STANDARD = "gnu++14";
				CLANG_CXX_LIBRARY = "libc++";
				CLANG_ENABLE_MODULES = YES;
				CLANG_ENABLE_OBJC_ARC = YES;
				CLANG_ENABLE_OBJC_WEAK = YES;
				CLANG_WARN_BLOCK_CAPTURE_AUTORELEASING = YES;
				CLANG_WARN_BOOL_CONVERSION = YES;
				CLANG_WARN_COMMA = YES;
				CLANG_WARN_CONSTANT_CONVERSION = YES;
				CLANG_WARN_DEPRECATED_OBJC_IMPLEMENTATIONS = YES;
				CLANG_WARN_DIRECT_OBJC_ISA_USAGE = YES_ERROR;
				CLANG_WARN_DOCUMENTATION_COMMENTS = YES;
				CLANG_WARN_EMPTY_BODY = YES;
				CLANG_WARN_ENUM_CONVERSION = YES;
				CLANG_WARN_INFINITE_RECURSION = YES;
				CLANG_WARN_INT_CONVERSION = YES;
				CLANG_WARN_NON_LITERAL_NULL_CONVERSION = YES;
				CLANG_WARN_OBJC_IMPLICIT_RETAIN_SELF = YES;
				CLANG_WARN_OBJC_LITERAL_CONVERSION = YES;
				CLANG_WARN_OBJC_ROOT_CLASS = YES_ERROR;
				CLANG_WARN_RANGE_LOOP_ANALYSIS = YES;
				CLANG_WARN_STRICT_PROTOTYPES = YES;
				CLANG_WARN_SUSPICIOUS_MOVE = YES;
				CLANG_WARN_UNGUARDED_AVAILABILITY = YES_AGGRESSIVE;
				CLANG_WARN_UNREACHABLE_CODE = YES;
				CLANG_WARN__DUPLICATE_METHOD_MATCH = YES;
				CODE_SIGN_IDENTITY = "iPhone Developer";
				COPY_PHASE_STRIP = NO;
				DEBUG_INFORMATION_FORMAT = dwarf;
				ENABLE_STRICT_OBJC_MSGSEND = YES;
				ENABLE_TESTABILITY = YES;
				GCC_C_LANGUAGE_STANDARD = gnu11;
				GCC_DYNAMIC_NO_PIC = NO;
				GCC_NO_COMMON_BLOCKS = YES;
				GCC_OPTIMIZATION_LEVEL = 0;
				GCC_PREPROCESSOR_DEFINITIONS = (
					"DEBUG=1",
					"$(inherited)",
				);
				GCC_WARN_64_TO_32_BIT_CONVERSION = YES;
				GCC_WARN_ABOUT_RETURN_TYPE = YES_ERROR;
				GCC_WARN_UNDECLARED_SELECTOR = YES;
				GCC_WARN_UNINITIALIZED_AUTOS = YES_AGGRESSIVE;
				GCC_WARN_UNUSED_FUNCTION = YES;
				GCC_WARN_UNUSED_VARIABLE = YES;
				IPHONEOS_DEPLOYMENT_TARGET = 11.4;
				MTL_ENABLE_DEBUG_INFO = YES;
				ONLY_ACTIVE_ARCH = YES;
				SDKROOT = iphoneos;
				SWIFT_ACTIVE_COMPILATION_CONDITIONS = DEBUG;
				SWIFT_OPTIMIZATION_LEVEL = "-Onone";
			};
			name = Debug;
		};
		3100DAF22111D24000CFF78B /* Release */ = {
			isa = XCBuildConfiguration;
			buildSettings = {
				ALWAYS_SEARCH_USER_PATHS = NO;
				CLANG_ANALYZER_NONNULL = YES;
				CLANG_ANALYZER_NUMBER_OBJECT_CONVERSION = YES_AGGRESSIVE;
				CLANG_CXX_LANGUAGE_STANDARD = "gnu++14";
				CLANG_CXX_LIBRARY = "libc++";
				CLANG_ENABLE_MODULES = YES;
				CLANG_ENABLE_OBJC_ARC = YES;
				CLANG_ENABLE_OBJC_WEAK = YES;
				CLANG_WARN_BLOCK_CAPTURE_AUTORELEASING = YES;
				CLANG_WARN_BOOL_CONVERSION = YES;
				CLANG_WARN_COMMA = YES;
				CLANG_WARN_CONSTANT_CONVERSION = YES;
				CLANG_WARN_DEPRECATED_OBJC_IMPLEMENTATIONS = YES;
				CLANG_WARN_DIRECT_OBJC_ISA_USAGE = YES_ERROR;
				CLANG_WARN_DOCUMENTATION_COMMENTS = YES;
				CLANG_WARN_EMPTY_BODY = YES;
				CLANG_WARN_ENUM_CONVERSION = YES;
				CLANG_WARN_INFINITE_RECURSION = YES;
				CLANG_WARN_INT_CONVERSION = YES;
				CLANG_WARN_NON_LITERAL_NULL_CONVERSION = YES;
				CLANG_WARN_OBJC_IMPLICIT_RETAIN_SELF = YES;
				CLANG_WARN_OBJC_LITERAL_CONVERSION = YES;
				CLANG_WARN_OBJC_ROOT_CLASS = YES_ERROR;
				CLANG_WARN_RANGE_LOOP_ANALYSIS = YES;
				CLANG_WARN_STRICT_PROTOTYPES = YES;
				CLANG_WARN_SUSPICIOUS_MOVE = YES;
				CLANG_WARN_UNGUARDED_AVAILABILITY = YES_AGGRESSIVE;
				CLANG_WARN_UNREACHABLE_CODE = YES;
				CLANG_WARN__DUPLICATE_METHOD_MATCH = YES;
				CODE_SIGN_IDENTITY = "iPhone Developer";
				COPY_PHASE_STRIP = NO;
				DEBUG_INFORMATION_FORMAT = "dwarf-with-dsym";
				ENABLE_NS_ASSERTIONS = NO;
				ENABLE_STRICT_OBJC_MSGSEND = YES;
				GCC_C_LANGUAGE_STANDARD = gnu11;
				GCC_NO_COMMON_BLOCKS = YES;
				GCC_WARN_64_TO_32_BIT_CONVERSION = YES;
				GCC_WARN_ABOUT_RETURN_TYPE = YES_ERROR;
				GCC_WARN_UNDECLARED_SELECTOR = YES;
				GCC_WARN_UNINITIALIZED_AUTOS = YES_AGGRESSIVE;
				GCC_WARN_UNUSED_FUNCTION = YES;
				GCC_WARN_UNUSED_VARIABLE = YES;
				IPHONEOS_DEPLOYMENT_TARGET = 11.4;
				MTL_ENABLE_DEBUG_INFO = NO;
				SDKROOT = iphoneos;
				SWIFT_COMPILATION_MODE = wholemodule;
				SWIFT_OPTIMIZATION_LEVEL = "-O";
				VALIDATE_PRODUCT = YES;
			};
			name = Release;
		};
		3100DAF42111D24000CFF78B /* Debug */ = {
			isa = XCBuildConfiguration;
			baseConfigurationReference = 2AB31AC3DAA60580810E10C5 /* Pods-PilgrimsHouse.debug.xcconfig */;
			buildSettings = {
				ASSETCATALOG_COMPILER_APPICON_NAME = AppIcon;
				CODE_SIGN_STYLE = Automatic;
				DEVELOPMENT_TEAM = MAG9DAS3TQ;
				FRAMEWORK_SEARCH_PATHS = (
					"$(inherited)",
					"$(PROJECT_DIR)/PilgrimsHouse/ThirdParties/Framework",
				);
				INFOPLIST_FILE = "$(SRCROOT)/PilgrimsHouse/Supporting Files/Config/Info.plist";
				IPHONEOS_DEPLOYMENT_TARGET = 10.0;
				LD_RUNPATH_SEARCH_PATHS = (
					"$(inherited)",
					"@executable_path/Frameworks",
				);
				PRODUCT_BUNDLE_IDENTIFIER = com.hajjhackathon.PilgrimsHouse;
				PRODUCT_NAME = "$(TARGET_NAME)";
				SWIFT_VERSION = 4.0;
				TARGETED_DEVICE_FAMILY = 1;
			};
			name = Debug;
		};
		3100DAF52111D24000CFF78B /* Release */ = {
			isa = XCBuildConfiguration;
			baseConfigurationReference = 39EA4117ABBED078E95852D7 /* Pods-PilgrimsHouse.release.xcconfig */;
			buildSettings = {
				ASSETCATALOG_COMPILER_APPICON_NAME = AppIcon;
				CODE_SIGN_STYLE = Automatic;
				DEVELOPMENT_TEAM = MAG9DAS3TQ;
				FRAMEWORK_SEARCH_PATHS = (
					"$(inherited)",
					"$(PROJECT_DIR)/PilgrimsHouse/ThirdParties/Framework",
				);
				INFOPLIST_FILE = "$(SRCROOT)/PilgrimsHouse/Supporting Files/Config/Info.plist";
				IPHONEOS_DEPLOYMENT_TARGET = 10.0;
				LD_RUNPATH_SEARCH_PATHS = (
					"$(inherited)",
					"@executable_path/Frameworks",
				);
				PRODUCT_BUNDLE_IDENTIFIER = com.hajjhackathon.PilgrimsHouse;
				PRODUCT_NAME = "$(TARGET_NAME)";
				SWIFT_VERSION = 4.0;
				TARGETED_DEVICE_FAMILY = 1;
			};
			name = Release;
		};
		3100DAF72111D24000CFF78B /* Debug */ = {
			isa = XCBuildConfiguration;
			baseConfigurationReference = BA69EAC6970F68E8BF583714 /* Pods-PilgrimsHouseTests.debug.xcconfig */;
			buildSettings = {
				ALWAYS_EMBED_SWIFT_STANDARD_LIBRARIES = YES;
				BUNDLE_LOADER = "$(TEST_HOST)";
				CODE_SIGN_STYLE = Automatic;
				DEVELOPMENT_TEAM = P422QN8MZP;
				INFOPLIST_FILE = PilgrimsHouseTests/Info.plist;
				LD_RUNPATH_SEARCH_PATHS = (
					"$(inherited)",
					"@executable_path/Frameworks",
					"@loader_path/Frameworks",
				);
				PRODUCT_BUNDLE_IDENTIFIER = com.hajjhackathon.PilgrimsHouseTests;
				PRODUCT_NAME = "$(TARGET_NAME)";
				SWIFT_VERSION = 4.0;
				TARGETED_DEVICE_FAMILY = "1,2";
				TEST_HOST = "$(BUILT_PRODUCTS_DIR)/PilgrimsHouse.app/PilgrimsHouse";
			};
			name = Debug;
		};
		3100DAF82111D24000CFF78B /* Release */ = {
			isa = XCBuildConfiguration;
			baseConfigurationReference = 5E50AD7A1A51230D7D492A59 /* Pods-PilgrimsHouseTests.release.xcconfig */;
			buildSettings = {
				ALWAYS_EMBED_SWIFT_STANDARD_LIBRARIES = YES;
				BUNDLE_LOADER = "$(TEST_HOST)";
				CODE_SIGN_STYLE = Automatic;
				DEVELOPMENT_TEAM = P422QN8MZP;
				INFOPLIST_FILE = PilgrimsHouseTests/Info.plist;
				LD_RUNPATH_SEARCH_PATHS = (
					"$(inherited)",
					"@executable_path/Frameworks",
					"@loader_path/Frameworks",
				);
				PRODUCT_BUNDLE_IDENTIFIER = com.hajjhackathon.PilgrimsHouseTests;
				PRODUCT_NAME = "$(TARGET_NAME)";
				SWIFT_VERSION = 4.0;
				TARGETED_DEVICE_FAMILY = "1,2";
				TEST_HOST = "$(BUILT_PRODUCTS_DIR)/PilgrimsHouse.app/PilgrimsHouse";
			};
			name = Release;
		};
		3100DAFA2111D24000CFF78B /* Debug */ = {
			isa = XCBuildConfiguration;
			baseConfigurationReference = 310304011355C558D315B523 /* Pods-PilgrimsHouseUITests.debug.xcconfig */;
			buildSettings = {
				ALWAYS_EMBED_SWIFT_STANDARD_LIBRARIES = YES;
				CODE_SIGN_STYLE = Automatic;
				DEVELOPMENT_TEAM = P422QN8MZP;
				INFOPLIST_FILE = PilgrimsHouseUITests/Info.plist;
				LD_RUNPATH_SEARCH_PATHS = (
					"$(inherited)",
					"@executable_path/Frameworks",
					"@loader_path/Frameworks",
				);
				PRODUCT_BUNDLE_IDENTIFIER = com.hajjhackathon.PilgrimsHouseUITests;
				PRODUCT_NAME = "$(TARGET_NAME)";
				SWIFT_VERSION = 4.0;
				TARGETED_DEVICE_FAMILY = "1,2";
				TEST_TARGET_NAME = PilgrimsHouse;
			};
			name = Debug;
		};
		3100DAFB2111D24000CFF78B /* Release */ = {
			isa = XCBuildConfiguration;
			baseConfigurationReference = A0713628ED29363010377B1C /* Pods-PilgrimsHouseUITests.release.xcconfig */;
			buildSettings = {
				ALWAYS_EMBED_SWIFT_STANDARD_LIBRARIES = YES;
				CODE_SIGN_STYLE = Automatic;
				DEVELOPMENT_TEAM = P422QN8MZP;
				INFOPLIST_FILE = PilgrimsHouseUITests/Info.plist;
				LD_RUNPATH_SEARCH_PATHS = (
					"$(inherited)",
					"@executable_path/Frameworks",
					"@loader_path/Frameworks",
				);
				PRODUCT_BUNDLE_IDENTIFIER = com.hajjhackathon.PilgrimsHouseUITests;
				PRODUCT_NAME = "$(TARGET_NAME)";
				SWIFT_VERSION = 4.0;
				TARGETED_DEVICE_FAMILY = "1,2";
				TEST_TARGET_NAME = PilgrimsHouse;
			};
			name = Release;
		};
/* End XCBuildConfiguration section */

/* Begin XCConfigurationList section */
		3100DAC62111D23E00CFF78B /* Build configuration list for PBXProject "PilgrimsHouse" */ = {
			isa = XCConfigurationList;
			buildConfigurations = (
				3100DAF12111D24000CFF78B /* Debug */,
				3100DAF22111D24000CFF78B /* Release */,
			);
			defaultConfigurationIsVisible = 0;
			defaultConfigurationName = Release;
		};
		3100DAF32111D24000CFF78B /* Build configuration list for PBXNativeTarget "PilgrimsHouse" */ = {
			isa = XCConfigurationList;
			buildConfigurations = (
				3100DAF42111D24000CFF78B /* Debug */,
				3100DAF52111D24000CFF78B /* Release */,
			);
			defaultConfigurationIsVisible = 0;
			defaultConfigurationName = Release;
		};
		3100DAF62111D24000CFF78B /* Build configuration list for PBXNativeTarget "PilgrimsHouseTests" */ = {
			isa = XCConfigurationList;
			buildConfigurations = (
				3100DAF72111D24000CFF78B /* Debug */,
				3100DAF82111D24000CFF78B /* Release */,
			);
			defaultConfigurationIsVisible = 0;
			defaultConfigurationName = Release;
		};
		3100DAF92111D24000CFF78B /* Build configuration list for PBXNativeTarget "PilgrimsHouseUITests" */ = {
			isa = XCConfigurationList;
			buildConfigurations = (
				3100DAFA2111D24000CFF78B /* Debug */,
				3100DAFB2111D24000CFF78B /* Release */,
			);
			defaultConfigurationIsVisible = 0;
			defaultConfigurationName = Release;
		};
/* End XCConfigurationList section */
	};
	rootObject = 3100DAC32111D23E00CFF78B /* Project object */;
}
